{
    "_readme": [
        "This file locks the dependencies of your project to a known state",
        "Read more about it at http://getcomposer.org/doc/01-basic-usage.md#composer-lock-the-lock-file"
    ],
    "hash": "7d43614fd209035e6e2a590295c789f8",
    "packages": [
        {
            "name": "dreamscapes/enumeration",
            "version": "0.2",
            "source": {
                "type": "git",
                "url": "https://github.com/Dreamscapes/Enumeration.git",
                "reference": "4a63fce2a43bb4c2de0de29105a837f76f93a584"
            },
            "dist": {
                "type": "zip",
                "url": "https://api.github.com/repos/Dreamscapes/Enumeration/zipball/4a63fce2a43bb4c2de0de29105a837f76f93a584",
                "reference": "4a63fce2a43bb4c2de0de29105a837f76f93a584",
                "shasum": ""
            },
            "require": {
                "php": ">=5.4.0"
            },
            "require-dev": {
                "codeception/codeception": "~1.7",
                "phpdocumentor/phpdocumentor": "~2.1"
            },
            "type": "library",
            "autoload": {
                "psr-0": {
                    "Dreamscapes\\": "src"
                }
            },
            "notification-url": "https://packagist.org/downloads/",
            "license": [
                "BSD-3-Clause"
            ],
            "authors": [
                {
                    "name": "Robert Rossmann",
                    "email": "rr.rossmann@me.com",
                    "homepage": "https://github.com/Alaneor"
                }
            ],
            "description": "A simple Typedef Enum implementation for php",
            "homepage": "https://github.com/Dreamscapes/Enumeration",
            "keywords": [
                "constant",
                "enum",
                "enumeration",
                "static list license",
                "typedef"
            ],
            "time": "2013-10-28 16:58:15"
        }
    ],
    "packages-dev": [

    ],
    "aliases": [

    ],
    "minimum-stability": "stable",
    "stability-flags": [

    ],
    "platform": {
        "php": ">=5.4.0",
        "ext-ldap": "*"
    },
    "platform-dev": [

    ]
}
